// !$*UTF8*$!
{
	archiveVersion = 1;
	classes = {
	};
	objectVersion = 46;
	objects = {

/* Begin PBXAggregateTarget section */
		E8DBC1FE1A221A1E003D0E0E /* Mogenerator */ = {
			isa = PBXAggregateTarget;
			buildConfigurationList = E8DBC1FF1A221A1E003D0E0E /* Build configuration list for PBXAggregateTarget "Mogenerator" */;
			buildPhases = (
				E8DBC2021A221A23003D0E0E /* ShellScript */,
			);
			dependencies = (
			);
			name = Mogenerator;
			productName = Mogenerator;
		};
/* End PBXAggregateTarget section */

/* Begin PBXBuildFile section */
		C654FBB2B950369B05D12704 /* libPods-Karmakontot.a in Frameworks */ = {isa = PBXBuildFile; fileRef = 98F6A8F9CA3CECF617D300A8 /* libPods-Karmakontot.a */; };
		E8DBC1BE1A21D0CD003D0E0E /* main.m in Sources */ = {isa = PBXBuildFile; fileRef = E8DBC1BD1A21D0CD003D0E0E /* main.m */; };
		E8DBC1C11A21D0CD003D0E0E /* AppDelegate.m in Sources */ = {isa = PBXBuildFile; fileRef = E8DBC1C01A21D0CD003D0E0E /* AppDelegate.m */; };
		E8DBC1C41A21D0CD003D0E0E /* Karmakontot.xcdatamodeld in Sources */ = {isa = PBXBuildFile; fileRef = E8DBC1C21A21D0CD003D0E0E /* Karmakontot.xcdatamodeld */; };
		E8DBC1CA1A21D0CD003D0E0E /* Main.storyboard in Resources */ = {isa = PBXBuildFile; fileRef = E8DBC1C81A21D0CD003D0E0E /* Main.storyboard */; };
		E8DBC1CC1A21D0CD003D0E0E /* Images.xcassets in Resources */ = {isa = PBXBuildFile; fileRef = E8DBC1CB1A21D0CD003D0E0E /* Images.xcassets */; };
		E8DBC1CF1A21D0CD003D0E0E /* LaunchScreen.xib in Resources */ = {isa = PBXBuildFile; fileRef = E8DBC1CD1A21D0CD003D0E0E /* LaunchScreen.xib */; };
		E8DBC1DB1A21D0CD003D0E0E /* KarmakontotTests.m in Sources */ = {isa = PBXBuildFile; fileRef = E8DBC1DA1A21D0CD003D0E0E /* KarmakontotTests.m */; };
		E8DBC1E51A21D6BF003D0E0E /* CoreData.framework in Frameworks */ = {isa = PBXBuildFile; fileRef = E8DBC1E41A21D6BF003D0E0E /* CoreData.framework */; };
		E8DBC1E71A21D8DE003D0E0E /* MapKit.framework in Frameworks */ = {isa = PBXBuildFile; fileRef = E8DBC1E61A21D8DE003D0E0E /* MapKit.framework */; };
		E8DBC1EA1A21DAF4003D0E0E /* MapViewController.m in Sources */ = {isa = PBXBuildFile; fileRef = E8DBC1E91A21DAF4003D0E0E /* MapViewController.m */; };
		E8DBC1ED1A21DD9E003D0E0E /* AddTaskViewController.m in Sources */ = {isa = PBXBuildFile; fileRef = E8DBC1EC1A21DD9E003D0E0E /* AddTaskViewController.m */; };
		E8DBC1F01A21ED78003D0E0E /* KarmaHeaderView.m in Sources */ = {isa = PBXBuildFile; fileRef = E8DBC1EF1A21ED78003D0E0E /* KarmaHeaderView.m */; };
		E8DBC1F31A220B4D003D0E0E /* AddTaskHeaderCell.m in Sources */ = {isa = PBXBuildFile; fileRef = E8DBC1F21A220B4D003D0E0E /* AddTaskHeaderCell.m */; };
		E8DBC1F61A221043003D0E0E /* AddTaskContentCell.m in Sources */ = {isa = PBXBuildFile; fileRef = E8DBC1F51A221043003D0E0E /* AddTaskContentCell.m */; };
		E8DBC20B1A221A60003D0E0E /* _Help.m in Sources */ = {isa = PBXBuildFile; fileRef = E8DBC2071A221A60003D0E0E /* _Help.m */; };
		E8DBC20C1A221A60003D0E0E /* _User.m in Sources */ = {isa = PBXBuildFile; fileRef = E8DBC2081A221A60003D0E0E /* _User.m */; };
		E8DBC20D1A221A60003D0E0E /* Help.m in Sources */ = {isa = PBXBuildFile; fileRef = E8DBC2091A221A60003D0E0E /* Help.m */; };
		E8DBC20E1A221A60003D0E0E /* User.m in Sources */ = {isa = PBXBuildFile; fileRef = E8DBC20A1A221A60003D0E0E /* User.m */; };
		E8DBC2141A221CB8003D0E0E /* _Done.m in Sources */ = {isa = PBXBuildFile; fileRef = E8DBC2121A221CB8003D0E0E /* _Done.m */; };
		E8DBC2151A221CB8003D0E0E /* Done.m in Sources */ = {isa = PBXBuildFile; fileRef = E8DBC2131A221CB8003D0E0E /* Done.m */; };
		E8DBC2181A222D24003D0E0E /* LocalHelp.m in Sources */ = {isa = PBXBuildFile; fileRef = E8DBC2171A222D24003D0E0E /* LocalHelp.m */; };
		E8DBC21E1A22328C003D0E0E /* CalloutView.m in Sources */ = {isa = PBXBuildFile; fileRef = E8DBC21D1A22328C003D0E0E /* CalloutView.m */; };
/* End PBXBuildFile section */

/* Begin PBXContainerItemProxy section */
		E8DBC1D51A21D0CD003D0E0E /* PBXContainerItemProxy */ = {
			isa = PBXContainerItemProxy;
			containerPortal = E8DBC1B01A21D0CC003D0E0E /* Project object */;
			proxyType = 1;
			remoteGlobalIDString = E8DBC1B71A21D0CC003D0E0E;
			remoteInfo = Karmakontot;
		};
/* End PBXContainerItemProxy section */

/* Begin PBXFileReference section */
		7A7DE9E79B8D91CFC989F28F /* Pods-Karmakontot.release.xcconfig */ = {isa = PBXFileReference; includeInIndex = 1; lastKnownFileType = text.xcconfig; name = "Pods-Karmakontot.release.xcconfig"; path = "Pods/Target Support Files/Pods-Karmakontot/Pods-Karmakontot.release.xcconfig"; sourceTree = "<group>"; };
		91457886BF518B1B73B2F118 /* Pods-Karmakontot.debug.xcconfig */ = {isa = PBXFileReference; includeInIndex = 1; lastKnownFileType = text.xcconfig; name = "Pods-Karmakontot.debug.xcconfig"; path = "Pods/Target Support Files/Pods-Karmakontot/Pods-Karmakontot.debug.xcconfig"; sourceTree = "<group>"; };
		98F6A8F9CA3CECF617D300A8 /* libPods-Karmakontot.a */ = {isa = PBXFileReference; explicitFileType = archive.ar; includeInIndex = 0; path = "libPods-Karmakontot.a"; sourceTree = BUILT_PRODUCTS_DIR; };
		E8DBC1B81A21D0CC003D0E0E /* Karmakontot.app */ = {isa = PBXFileReference; explicitFileType = wrapper.application; includeInIndex = 0; path = Karmakontot.app; sourceTree = BUILT_PRODUCTS_DIR; };
		E8DBC1BC1A21D0CD003D0E0E /* Info.plist */ = {isa = PBXFileReference; lastKnownFileType = text.plist.xml; path = Info.plist; sourceTree = "<group>"; };
		E8DBC1BD1A21D0CD003D0E0E /* main.m */ = {isa = PBXFileReference; lastKnownFileType = sourcecode.c.objc; path = main.m; sourceTree = "<group>"; };
		E8DBC1BF1A21D0CD003D0E0E /* AppDelegate.h */ = {isa = PBXFileReference; lastKnownFileType = sourcecode.c.h; path = AppDelegate.h; sourceTree = "<group>"; };
		E8DBC1C01A21D0CD003D0E0E /* AppDelegate.m */ = {isa = PBXFileReference; lastKnownFileType = sourcecode.c.objc; path = AppDelegate.m; sourceTree = "<group>"; };
		E8DBC1C31A21D0CD003D0E0E /* Karmakontot.xcdatamodel */ = {isa = PBXFileReference; lastKnownFileType = wrapper.xcdatamodel; path = Karmakontot.xcdatamodel; sourceTree = "<group>"; };
		E8DBC1C91A21D0CD003D0E0E /* Base */ = {isa = PBXFileReference; lastKnownFileType = file.storyboard; name = Base; path = Base.lproj/Main.storyboard; sourceTree = "<group>"; };
		E8DBC1CB1A21D0CD003D0E0E /* Images.xcassets */ = {isa = PBXFileReference; lastKnownFileType = folder.assetcatalog; path = Images.xcassets; sourceTree = "<group>"; };
		E8DBC1CE1A21D0CD003D0E0E /* Base */ = {isa = PBXFileReference; lastKnownFileType = file.xib; name = Base; path = Base.lproj/LaunchScreen.xib; sourceTree = "<group>"; };
		E8DBC1D41A21D0CD003D0E0E /* KarmakontotTests.xctest */ = {isa = PBXFileReference; explicitFileType = wrapper.cfbundle; includeInIndex = 0; path = KarmakontotTests.xctest; sourceTree = BUILT_PRODUCTS_DIR; };
		E8DBC1D91A21D0CD003D0E0E /* Info.plist */ = {isa = PBXFileReference; lastKnownFileType = text.plist.xml; path = Info.plist; sourceTree = "<group>"; };
		E8DBC1DA1A21D0CD003D0E0E /* KarmakontotTests.m */ = {isa = PBXFileReference; lastKnownFileType = sourcecode.c.objc; path = KarmakontotTests.m; sourceTree = "<group>"; };
		E8DBC1E41A21D6BF003D0E0E /* CoreData.framework */ = {isa = PBXFileReference; lastKnownFileType = wrapper.framework; name = CoreData.framework; path = System/Library/Frameworks/CoreData.framework; sourceTree = SDKROOT; };
		E8DBC1E61A21D8DE003D0E0E /* MapKit.framework */ = {isa = PBXFileReference; lastKnownFileType = wrapper.framework; name = MapKit.framework; path = System/Library/Frameworks/MapKit.framework; sourceTree = SDKROOT; };
		E8DBC1E81A21DAF4003D0E0E /* MapViewController.h */ = {isa = PBXFileReference; fileEncoding = 4; lastKnownFileType = sourcecode.c.h; path = MapViewController.h; sourceTree = "<group>"; };
		E8DBC1E91A21DAF4003D0E0E /* MapViewController.m */ = {isa = PBXFileReference; fileEncoding = 4; lastKnownFileType = sourcecode.c.objc; path = MapViewController.m; sourceTree = "<group>"; };
		E8DBC1EB1A21DD9E003D0E0E /* AddTaskViewController.h */ = {isa = PBXFileReference; fileEncoding = 4; lastKnownFileType = sourcecode.c.h; path = AddTaskViewController.h; sourceTree = "<group>"; };
		E8DBC1EC1A21DD9E003D0E0E /* AddTaskViewController.m */ = {isa = PBXFileReference; fileEncoding = 4; lastKnownFileType = sourcecode.c.objc; path = AddTaskViewController.m; sourceTree = "<group>"; };
		E8DBC1EE1A21ED78003D0E0E /* KarmaHeaderView.h */ = {isa = PBXFileReference; fileEncoding = 4; lastKnownFileType = sourcecode.c.h; path = KarmaHeaderView.h; sourceTree = "<group>"; };
		E8DBC1EF1A21ED78003D0E0E /* KarmaHeaderView.m */ = {isa = PBXFileReference; fileEncoding = 4; lastKnownFileType = sourcecode.c.objc; path = KarmaHeaderView.m; sourceTree = "<group>"; };
		E8DBC1F11A220B4D003D0E0E /* AddTaskHeaderCell.h */ = {isa = PBXFileReference; fileEncoding = 4; lastKnownFileType = sourcecode.c.h; path = AddTaskHeaderCell.h; sourceTree = "<group>"; };
		E8DBC1F21A220B4D003D0E0E /* AddTaskHeaderCell.m */ = {isa = PBXFileReference; fileEncoding = 4; lastKnownFileType = sourcecode.c.objc; path = AddTaskHeaderCell.m; sourceTree = "<group>"; };
		E8DBC1F41A221043003D0E0E /* AddTaskContentCell.h */ = {isa = PBXFileReference; fileEncoding = 4; lastKnownFileType = sourcecode.c.h; path = AddTaskContentCell.h; sourceTree = "<group>"; };
		E8DBC1F51A221043003D0E0E /* AddTaskContentCell.m */ = {isa = PBXFileReference; fileEncoding = 4; lastKnownFileType = sourcecode.c.objc; path = AddTaskContentCell.m; sourceTree = "<group>"; };
		E8DBC2031A221A60003D0E0E /* _Help.h */ = {isa = PBXFileReference; fileEncoding = 4; lastKnownFileType = sourcecode.c.h; name = _Help.h; path = Model/_Help.h; sourceTree = "<group>"; };
		E8DBC2041A221A60003D0E0E /* _User.h */ = {isa = PBXFileReference; fileEncoding = 4; lastKnownFileType = sourcecode.c.h; name = _User.h; path = Model/_User.h; sourceTree = "<group>"; };
		E8DBC2051A221A60003D0E0E /* Help.h */ = {isa = PBXFileReference; fileEncoding = 4; lastKnownFileType = sourcecode.c.h; name = Help.h; path = Model/Help.h; sourceTree = "<group>"; };
		E8DBC2061A221A60003D0E0E /* User.h */ = {isa = PBXFileReference; fileEncoding = 4; lastKnownFileType = sourcecode.c.h; name = User.h; path = Model/User.h; sourceTree = "<group>"; };
		E8DBC2071A221A60003D0E0E /* _Help.m */ = {isa = PBXFileReference; fileEncoding = 4; lastKnownFileType = sourcecode.c.objc; name = _Help.m; path = Model/_Help.m; sourceTree = "<group>"; };
		E8DBC2081A221A60003D0E0E /* _User.m */ = {isa = PBXFileReference; fileEncoding = 4; lastKnownFileType = sourcecode.c.objc; name = _User.m; path = Model/_User.m; sourceTree = "<group>"; };
		E8DBC2091A221A60003D0E0E /* Help.m */ = {isa = PBXFileReference; fileEncoding = 4; lastKnownFileType = sourcecode.c.objc; name = Help.m; path = Model/Help.m; sourceTree = "<group>"; };
		E8DBC20A1A221A60003D0E0E /* User.m */ = {isa = PBXFileReference; fileEncoding = 4; lastKnownFileType = sourcecode.c.objc; name = User.m; path = Model/User.m; sourceTree = "<group>"; };
		E8DBC2101A221CB8003D0E0E /* _Done.h */ = {isa = PBXFileReference; fileEncoding = 4; lastKnownFileType = sourcecode.c.h; name = _Done.h; path = Model/_Done.h; sourceTree = "<group>"; };
		E8DBC2111A221CB8003D0E0E /* Done.h */ = {isa = PBXFileReference; fileEncoding = 4; lastKnownFileType = sourcecode.c.h; name = Done.h; path = Model/Done.h; sourceTree = "<group>"; };
		E8DBC2121A221CB8003D0E0E /* _Done.m */ = {isa = PBXFileReference; fileEncoding = 4; lastKnownFileType = sourcecode.c.objc; name = _Done.m; path = Model/_Done.m; sourceTree = "<group>"; };
		E8DBC2131A221CB8003D0E0E /* Done.m */ = {isa = PBXFileReference; fileEncoding = 4; lastKnownFileType = sourcecode.c.objc; name = Done.m; path = Model/Done.m; sourceTree = "<group>"; };
		E8DBC2161A222D24003D0E0E /* LocalHelp.h */ = {isa = PBXFileReference; fileEncoding = 4; lastKnownFileType = sourcecode.c.h; path = LocalHelp.h; sourceTree = "<group>"; };
		E8DBC2171A222D24003D0E0E /* LocalHelp.m */ = {isa = PBXFileReference; fileEncoding = 4; lastKnownFileType = sourcecode.c.objc; path = LocalHelp.m; sourceTree = "<group>"; };
		E8DBC21C1A22328C003D0E0E /* CalloutView.h */ = {isa = PBXFileReference; fileEncoding = 4; lastKnownFileType = sourcecode.c.h; path = CalloutView.h; sourceTree = "<group>"; };
		E8DBC21D1A22328C003D0E0E /* CalloutView.m */ = {isa = PBXFileReference; fileEncoding = 4; lastKnownFileType = sourcecode.c.objc; path = CalloutView.m; sourceTree = "<group>"; };
/* End PBXFileReference section */

/* Begin PBXFrameworksBuildPhase section */
		E8DBC1B51A21D0CC003D0E0E /* Frameworks */ = {
			isa = PBXFrameworksBuildPhase;
			buildActionMask = 2147483647;
			files = (
				E8DBC1E51A21D6BF003D0E0E /* CoreData.framework in Frameworks */,
				E8DBC1E71A21D8DE003D0E0E /* MapKit.framework in Frameworks */,
				C654FBB2B950369B05D12704 /* libPods-Karmakontot.a in Frameworks */,
			);
			runOnlyForDeploymentPostprocessing = 0;
		};
		E8DBC1D11A21D0CD003D0E0E /* Frameworks */ = {
			isa = PBXFrameworksBuildPhase;
			buildActionMask = 2147483647;
			files = (
			);
			runOnlyForDeploymentPostprocessing = 0;
		};
/* End PBXFrameworksBuildPhase section */

/* Begin PBXGroup section */
		10B674ED71E738BCAE41807C /* Pods */ = {
			isa = PBXGroup;
			children = (
				91457886BF518B1B73B2F118 /* Pods-Karmakontot.debug.xcconfig */,
				7A7DE9E79B8D91CFC989F28F /* Pods-Karmakontot.release.xcconfig */,
			);
			name = Pods;
			sourceTree = "<group>";
		};
		19F203142D784C2E9D3B2C57 /* Frameworks */ = {
			isa = PBXGroup;
			children = (
				E8DBC1E61A21D8DE003D0E0E /* MapKit.framework */,
				E8DBC1E41A21D6BF003D0E0E /* CoreData.framework */,
				98F6A8F9CA3CECF617D300A8 /* libPods-Karmakontot.a */,
			);
			name = Frameworks;
			sourceTree = "<group>";
		};
		E8DBC1AF1A21D0CC003D0E0E = {
			isa = PBXGroup;
			children = (
				E8DBC1BA1A21D0CC003D0E0E /* Karmakontot */,
				E8DBC1D71A21D0CD003D0E0E /* KarmakontotTests */,
				E8DBC1B91A21D0CC003D0E0E /* Products */,
				10B674ED71E738BCAE41807C /* Pods */,
				19F203142D784C2E9D3B2C57 /* Frameworks */,
			);
			sourceTree = "<group>";
		};
		E8DBC1B91A21D0CC003D0E0E /* Products */ = {
			isa = PBXGroup;
			children = (
				E8DBC1B81A21D0CC003D0E0E /* Karmakontot.app */,
				E8DBC1D41A21D0CD003D0E0E /* KarmakontotTests.xctest */,
			);
			name = Products;
			sourceTree = "<group>";
		};
		E8DBC1BA1A21D0CC003D0E0E /* Karmakontot */ = {
			isa = PBXGroup;
			children = (
				E8DBC1BF1A21D0CD003D0E0E /* AppDelegate.h */,
				E8DBC1C01A21D0CD003D0E0E /* AppDelegate.m */,
				E8DBC1C81A21D0CD003D0E0E /* Main.storyboard */,
				E8DBC1F11A220B4D003D0E0E /* AddTaskHeaderCell.h */,
				E8DBC1F21A220B4D003D0E0E /* AddTaskHeaderCell.m */,
				E8DBC1F41A221043003D0E0E /* AddTaskContentCell.h */,
				E8DBC1F51A221043003D0E0E /* AddTaskContentCell.m */,
				E8DBC1EB1A21DD9E003D0E0E /* AddTaskViewController.h */,
				E8DBC1EC1A21DD9E003D0E0E /* AddTaskViewController.m */,
				E8DBC1E81A21DAF4003D0E0E /* MapViewController.h */,
				E8DBC1E91A21DAF4003D0E0E /* MapViewController.m */,
				E8DBC21C1A22328C003D0E0E /* CalloutView.h */,
				E8DBC21D1A22328C003D0E0E /* CalloutView.m */,
				E8DBC1EE1A21ED78003D0E0E /* KarmaHeaderView.h */,
				E8DBC1EF1A21ED78003D0E0E /* KarmaHeaderView.m */,
				E8DBC1CB1A21D0CD003D0E0E /* Images.xcassets */,
				E8DBC1CD1A21D0CD003D0E0E /* LaunchScreen.xib */,
				E8DBC1C21A21D0CD003D0E0E /* Karmakontot.xcdatamodeld */,
				E8DBC2161A222D24003D0E0E /* LocalHelp.h */,
				E8DBC2171A222D24003D0E0E /* LocalHelp.m */,
				E8DBC1FD1A221662003D0E0E /* Model */,
				E8DBC1BB1A21D0CC003D0E0E /* Supporting Files */,
			);
			path = Karmakontot;
			sourceTree = "<group>";
		};
		E8DBC1BB1A21D0CC003D0E0E /* Supporting Files */ = {
			isa = PBXGroup;
			children = (
				E8DBC1BC1A21D0CD003D0E0E /* Info.plist */,
				E8DBC1BD1A21D0CD003D0E0E /* main.m */,
			);
			name = "Supporting Files";
			sourceTree = "<group>";
		};
		E8DBC1D71A21D0CD003D0E0E /* KarmakontotTests */ = {
			isa = PBXGroup;
			children = (
				E8DBC1DA1A21D0CD003D0E0E /* KarmakontotTests.m */,
				E8DBC1D81A21D0CD003D0E0E /* Supporting Files */,
			);
			path = KarmakontotTests;
			sourceTree = "<group>";
		};
		E8DBC1D81A21D0CD003D0E0E /* Supporting Files */ = {
			isa = PBXGroup;
			children = (
				E8DBC1D91A21D0CD003D0E0E /* Info.plist */,
			);
			name = "Supporting Files";
			sourceTree = "<group>";
		};
		E8DBC1FD1A221662003D0E0E /* Model */ = {
			isa = PBXGroup;
			children = (
				E8DBC20F1A221A68003D0E0E /* Mogenerator */,
				E8DBC2111A221CB8003D0E0E /* Done.h */,
				E8DBC2051A221A60003D0E0E /* Help.h */,
				E8DBC2061A221A60003D0E0E /* User.h */,
				E8DBC2091A221A60003D0E0E /* Help.m */,
				E8DBC2131A221CB8003D0E0E /* Done.m */,
				E8DBC20A1A221A60003D0E0E /* User.m */,
			);
			name = Model;
			sourceTree = "<group>";
		};
		E8DBC20F1A221A68003D0E0E /* Mogenerator */ = {
			isa = PBXGroup;
			children = (
				E8DBC2101A221CB8003D0E0E /* _Done.h */,
				E8DBC2121A221CB8003D0E0E /* _Done.m */,
				E8DBC2031A221A60003D0E0E /* _Help.h */,
				E8DBC2041A221A60003D0E0E /* _User.h */,
				E8DBC2071A221A60003D0E0E /* _Help.m */,
				E8DBC2081A221A60003D0E0E /* _User.m */,
			);
			name = Mogenerator;
			sourceTree = "<group>";
		};
/* End PBXGroup section */

/* Begin PBXNativeTarget section */
		E8DBC1B71A21D0CC003D0E0E /* Karmakontot */ = {
			isa = PBXNativeTarget;
			buildConfigurationList = E8DBC1DE1A21D0CD003D0E0E /* Build configuration list for PBXNativeTarget "Karmakontot" */;
			buildPhases = (
				35CF3C95A7CA33D0769A749F /* Check Pods Manifest.lock */,
				E8DBC1B41A21D0CC003D0E0E /* Sources */,
				E8DBC1B51A21D0CC003D0E0E /* Frameworks */,
				E8DBC1B61A21D0CC003D0E0E /* Resources */,
				3F032D5E05ADBE6E3D9596CD /* Copy Pods Resources */,
			);
			buildRules = (
			);
			dependencies = (
			);
			name = Karmakontot;
			productName = Karmakontot;
			productReference = E8DBC1B81A21D0CC003D0E0E /* Karmakontot.app */;
			productType = "com.apple.product-type.application";
		};
		E8DBC1D31A21D0CD003D0E0E /* KarmakontotTests */ = {
			isa = PBXNativeTarget;
			buildConfigurationList = E8DBC1E11A21D0CD003D0E0E /* Build configuration list for PBXNativeTarget "KarmakontotTests" */;
			buildPhases = (
				E8DBC1D01A21D0CD003D0E0E /* Sources */,
				E8DBC1D11A21D0CD003D0E0E /* Frameworks */,
				E8DBC1D21A21D0CD003D0E0E /* Resources */,
			);
			buildRules = (
			);
			dependencies = (
				E8DBC1D61A21D0CD003D0E0E /* PBXTargetDependency */,
			);
			name = KarmakontotTests;
			productName = KarmakontotTests;
			productReference = E8DBC1D41A21D0CD003D0E0E /* KarmakontotTests.xctest */;
			productType = "com.apple.product-type.bundle.unit-test";
		};
/* End PBXNativeTarget section */

/* Begin PBXProject section */
		E8DBC1B01A21D0CC003D0E0E /* Project object */ = {
			isa = PBXProject;
			attributes = {
				LastUpgradeCheck = 0610;
				ORGANIZATIONNAME = AllaUtomNiclas;
				TargetAttributes = {
					E8DBC1B71A21D0CC003D0E0E = {
						CreatedOnToolsVersion = 6.1;
						DevelopmentTeam = L5FHQQ6WHG;
						SystemCapabilities = {
							com.apple.Maps.iOS = {
								enabled = 1;
							};
						};
					};
					E8DBC1D31A21D0CD003D0E0E = {
						CreatedOnToolsVersion = 6.1;
						TestTargetID = E8DBC1B71A21D0CC003D0E0E;
					};
					E8DBC1FE1A221A1E003D0E0E = {
						CreatedOnToolsVersion = 6.1;
					};
				};
			};
			buildConfigurationList = E8DBC1B31A21D0CC003D0E0E /* Build configuration list for PBXProject "Karmakontot" */;
			compatibilityVersion = "Xcode 3.2";
			developmentRegion = English;
			hasScannedForEncodings = 0;
			knownRegions = (
				en,
				Base,
			);
			mainGroup = E8DBC1AF1A21D0CC003D0E0E;
			productRefGroup = E8DBC1B91A21D0CC003D0E0E /* Products */;
			projectDirPath = "";
			projectRoot = "";
			targets = (
				E8DBC1B71A21D0CC003D0E0E /* Karmakontot */,
				E8DBC1D31A21D0CD003D0E0E /* KarmakontotTests */,
				E8DBC1FE1A221A1E003D0E0E /* Mogenerator */,
			);
		};
/* End PBXProject section */

/* Begin PBXResourcesBuildPhase section */
		E8DBC1B61A21D0CC003D0E0E /* Resources */ = {
			isa = PBXResourcesBuildPhase;
			buildActionMask = 2147483647;
			files = (
				E8DBC1CA1A21D0CD003D0E0E /* Main.storyboard in Resources */,
				E8DBC1CF1A21D0CD003D0E0E /* LaunchScreen.xib in Resources */,
				E8DBC1CC1A21D0CD003D0E0E /* Images.xcassets in Resources */,
			);
			runOnlyForDeploymentPostprocessing = 0;
		};
		E8DBC1D21A21D0CD003D0E0E /* Resources */ = {
			isa = PBXResourcesBuildPhase;
			buildActionMask = 2147483647;
			files = (
			);
			runOnlyForDeploymentPostprocessing = 0;
		};
/* End PBXResourcesBuildPhase section */

/* Begin PBXShellScriptBuildPhase section */
		35CF3C95A7CA33D0769A749F /* Check Pods Manifest.lock */ = {
			isa = PBXShellScriptBuildPhase;
			buildActionMask = 2147483647;
			files = (
			);
			inputPaths = (
			);
			name = "Check Pods Manifest.lock";
			outputPaths = (
			);
			runOnlyForDeploymentPostprocessing = 0;
			shellPath = /bin/sh;
			shellScript = "diff \"${PODS_ROOT}/../Podfile.lock\" \"${PODS_ROOT}/Manifest.lock\" > /dev/null\nif [[ $? != 0 ]] ; then\n    cat << EOM\nerror: The sandbox is not in sync with the Podfile.lock. Run 'pod install' or update your CocoaPods installation.\nEOM\n    exit 1\nfi\n";
			showEnvVarsInLog = 0;
		};
		3F032D5E05ADBE6E3D9596CD /* Copy Pods Resources */ = {
			isa = PBXShellScriptBuildPhase;
			buildActionMask = 2147483647;
			files = (
			);
			inputPaths = (
			);
			name = "Copy Pods Resources";
			outputPaths = (
			);
			runOnlyForDeploymentPostprocessing = 0;
			shellPath = /bin/sh;
			shellScript = "\"${SRCROOT}/Pods/Target Support Files/Pods-Karmakontot/Pods-Karmakontot-resources.sh\"\n";
			showEnvVarsInLog = 0;
		};
		E8DBC2021A221A23003D0E0E /* ShellScript */ = {
			isa = PBXShellScriptBuildPhase;
			buildActionMask = 2147483647;
			files = (
			);
			inputPaths = (
			);
			outputPaths = (
			);
			runOnlyForDeploymentPostprocessing = 0;
			shellPath = /bin/sh;
			shellScript = "mogenerator -m Karmakontot/Karmakontot.xcdatamodeld/Karmakontot.xcdatamodel -O Karmakontot/Model --template-var arc=true";
		};
/* End PBXShellScriptBuildPhase section */

/* Begin PBXSourcesBuildPhase section */
		E8DBC1B41A21D0CC003D0E0E /* Sources */ = {
			isa = PBXSourcesBuildPhase;
			buildActionMask = 2147483647;
			files = (
				E8DBC20C1A221A60003D0E0E /* _User.m in Sources */,
				E8DBC1F01A21ED78003D0E0E /* KarmaHeaderView.m in Sources */,
				E8DBC1ED1A21DD9E003D0E0E /* AddTaskViewController.m in Sources */,
				E8DBC1F31A220B4D003D0E0E /* AddTaskHeaderCell.m in Sources */,
				E8DBC1C11A21D0CD003D0E0E /* AppDelegate.m in Sources */,
				E8DBC1BE1A21D0CD003D0E0E /* main.m in Sources */,
				E8DBC1C41A21D0CD003D0E0E /* Karmakontot.xcdatamodeld in Sources */,
				E8DBC21E1A22328C003D0E0E /* CalloutView.m in Sources */,
				E8DBC20B1A221A60003D0E0E /* _Help.m in Sources */,
				E8DBC20E1A221A60003D0E0E /* User.m in Sources */,
				E8DBC2141A221CB8003D0E0E /* _Done.m in Sources */,
				E8DBC20D1A221A60003D0E0E /* Help.m in Sources */,
				E8DBC1F61A221043003D0E0E /* AddTaskContentCell.m in Sources */,
				E8DBC2181A222D24003D0E0E /* LocalHelp.m in Sources */,
				E8DBC1EA1A21DAF4003D0E0E /* MapViewController.m in Sources */,
				E8DBC2151A221CB8003D0E0E /* Done.m in Sources */,
			);
			runOnlyForDeploymentPostprocessing = 0;
		};
		E8DBC1D01A21D0CD003D0E0E /* Sources */ = {
			isa = PBXSourcesBuildPhase;
			buildActionMask = 2147483647;
			files = (
				E8DBC1DB1A21D0CD003D0E0E /* KarmakontotTests.m in Sources */,
			);
			runOnlyForDeploymentPostprocessing = 0;
		};
/* End PBXSourcesBuildPhase section */

/* Begin PBXTargetDependency section */
		E8DBC1D61A21D0CD003D0E0E /* PBXTargetDependency */ = {
			isa = PBXTargetDependency;
			target = E8DBC1B71A21D0CC003D0E0E /* Karmakontot */;
			targetProxy = E8DBC1D51A21D0CD003D0E0E /* PBXContainerItemProxy */;
		};
/* End PBXTargetDependency section */

/* Begin PBXVariantGroup section */
		E8DBC1C81A21D0CD003D0E0E /* Main.storyboard */ = {
			isa = PBXVariantGroup;
			children = (
				E8DBC1C91A21D0CD003D0E0E /* Base */,
			);
			name = Main.storyboard;
			sourceTree = "<group>";
		};
		E8DBC1CD1A21D0CD003D0E0E /* LaunchScreen.xib */ = {
			isa = PBXVariantGroup;
			children = (
				E8DBC1CE1A21D0CD003D0E0E /* Base */,
			);
			name = LaunchScreen.xib;
			sourceTree = "<group>";
		};
/* End PBXVariantGroup section */

/* Begin XCBuildConfiguration section */
		E8DBC1DC1A21D0CD003D0E0E /* Debug */ = {
			isa = XCBuildConfiguration;
			buildSettings = {
				ALWAYS_SEARCH_USER_PATHS = NO;
				CLANG_CXX_LANGUAGE_STANDARD = "gnu++0x";
				CLANG_CXX_LIBRARY = "libc++";
				CLANG_ENABLE_MODULES = YES;
				CLANG_ENABLE_OBJC_ARC = YES;
				CLANG_WARN_BOOL_CONVERSION = YES;
				CLANG_WARN_CONSTANT_CONVERSION = YES;
				CLANG_WARN_DIRECT_OBJC_ISA_USAGE = YES_ERROR;
				CLANG_WARN_EMPTY_BODY = YES;
				CLANG_WARN_ENUM_CONVERSION = YES;
				CLANG_WARN_INT_CONVERSION = YES;
				CLANG_WARN_OBJC_ROOT_CLASS = YES_ERROR;
				CLANG_WARN_UNREACHABLE_CODE = YES;
				CLANG_WARN__DUPLICATE_METHOD_MATCH = YES;
				"CODE_SIGN_IDENTITY[sdk=iphoneos*]" = "iPhone Developer";
				COPY_PHASE_STRIP = NO;
				ENABLE_STRICT_OBJC_MSGSEND = YES;
				GCC_C_LANGUAGE_STANDARD = gnu99;
				GCC_DYNAMIC_NO_PIC = NO;
				GCC_OPTIMIZATION_LEVEL = 0;
				GCC_PREPROCESSOR_DEFINITIONS = (
					"DEBUG=1",
					"$(inherited)",
				);
				GCC_SYMBOLS_PRIVATE_EXTERN = NO;
				GCC_WARN_64_TO_32_BIT_CONVERSION = YES;
				GCC_WARN_ABOUT_RETURN_TYPE = YES_ERROR;
				GCC_WARN_UNDECLARED_SELECTOR = YES;
				GCC_WARN_UNINITIALIZED_AUTOS = YES_AGGRESSIVE;
				GCC_WARN_UNUSED_FUNCTION = YES;
				GCC_WARN_UNUSED_VARIABLE = YES;
				IPHONEOS_DEPLOYMENT_TARGET = 8.1;
				MTL_ENABLE_DEBUG_INFO = YES;
				ONLY_ACTIVE_ARCH = YES;
				SDKROOT = iphoneos;
			};
			name = Debug;
		};
		E8DBC1DD1A21D0CD003D0E0E /* Release */ = {
			isa = XCBuildConfiguration;
			buildSettings = {
				ALWAYS_SEARCH_USER_PATHS = NO;
				CLANG_CXX_LANGUAGE_STANDARD = "gnu++0x";
				CLANG_CXX_LIBRARY = "libc++";
				CLANG_ENABLE_MODULES = YES;
				CLANG_ENABLE_OBJC_ARC = YES;
				CLANG_WARN_BOOL_CONVERSION = YES;
				CLANG_WARN_CONSTANT_CONVERSION = YES;
				CLANG_WARN_DIRECT_OBJC_ISA_USAGE = YES_ERROR;
				CLANG_WARN_EMPTY_BODY = YES;
				CLANG_WARN_ENUM_CONVERSION = YES;
				CLANG_WARN_INT_CONVERSION = YES;
				CLANG_WARN_OBJC_ROOT_CLASS = YES_ERROR;
				CLANG_WARN_UNREACHABLE_CODE = YES;
				CLANG_WARN__DUPLICATE_METHOD_MATCH = YES;
				"CODE_SIGN_IDENTITY[sdk=iphoneos*]" = "iPhone Developer";
				COPY_PHASE_STRIP = YES;
				ENABLE_NS_ASSERTIONS = NO;
				ENABLE_STRICT_OBJC_MSGSEND = YES;
				GCC_C_LANGUAGE_STANDARD = gnu99;
				GCC_WARN_64_TO_32_BIT_CONVERSION = YES;
				GCC_WARN_ABOUT_RETURN_TYPE = YES_ERROR;
				GCC_WARN_UNDECLARED_SELECTOR = YES;
				GCC_WARN_UNINITIALIZED_AUTOS = YES_AGGRESSIVE;
				GCC_WARN_UNUSED_FUNCTION = YES;
				GCC_WARN_UNUSED_VARIABLE = YES;
				IPHONEOS_DEPLOYMENT_TARGET = 8.1;
				MTL_ENABLE_DEBUG_INFO = NO;
				SDKROOT = iphoneos;
				VALIDATE_PRODUCT = YES;
			};
			name = Release;
		};
		E8DBC1DF1A21D0CD003D0E0E /* Debug */ = {
			isa = XCBuildConfiguration;
			baseConfigurationReference = 91457886BF518B1B73B2F118 /* Pods-Karmakontot.debug.xcconfig */;
			buildSettings = {
				ASSETCATALOG_COMPILER_APPICON_NAME = AppIcon;
				CODE_SIGN_IDENTITY = "iPhone Developer";
				"CODE_SIGN_IDENTITY[sdk=iphoneos*]" = "iPhone Developer";
				INFOPLIST_FILE = Karmakontot/Info.plist;
				IPHONEOS_DEPLOYMENT_TARGET = 7.0;
				LD_RUNPATH_SEARCH_PATHS = "$(inherited) @executable_path/Frameworks";
				PRODUCT_NAME = "$(TARGET_NAME)";
				PROVISIONING_PROFILE = "";
			};
			name = Debug;
		};
		E8DBC1E01A21D0CD003D0E0E /* Release */ = {
			isa = XCBuildConfiguration;
			baseConfigurationReference = 7A7DE9E79B8D91CFC989F28F /* Pods-Karmakontot.release.xcconfig */;
			buildSettings = {
				ASSETCATALOG_COMPILER_APPICON_NAME = AppIcon;
				CODE_SIGN_IDENTITY = "iPhone Developer";
				"CODE_SIGN_IDENTITY[sdk=iphoneos*]" = "iPhone Developer";
				INFOPLIST_FILE = Karmakontot/Info.plist;
				IPHONEOS_DEPLOYMENT_TARGET = 7.0;
				LD_RUNPATH_SEARCH_PATHS = "$(inherited) @executable_path/Frameworks";
				PRODUCT_NAME = "$(TARGET_NAME)";
				PROVISIONING_PROFILE = "";
			};
			name = Release;
		};
		E8DBC1E21A21D0CD003D0E0E /* Debug */ = {
			isa = XCBuildConfiguration;
			buildSettings = {
				BUNDLE_LOADER = "$(TEST_HOST)";
				FRAMEWORK_SEARCH_PATHS = (
					"$(SDKROOT)/Developer/Library/Frameworks",
					"$(inherited)",
				);
				GCC_PREPROCESSOR_DEFINITIONS = (
					"DEBUG=1",
					"$(inherited)",
				);
				INFOPLIST_FILE = KarmakontotTests/Info.plist;
				LD_RUNPATH_SEARCH_PATHS = "$(inherited) @executable_path/Frameworks @loader_path/Frameworks";
				PRODUCT_NAME = "$(TARGET_NAME)";
				TEST_HOST = "$(BUILT_PRODUCTS_DIR)/Karmakontot.app/Karmakontot";
			};
			name = Debug;
		};
		E8DBC1E31A21D0CD003D0E0E /* Release */ = {
			isa = XCBuildConfiguration;
			buildSettings = {
				BUNDLE_LOADER = "$(TEST_HOST)";
				FRAMEWORK_SEARCH_PATHS = (
					"$(SDKROOT)/Developer/Library/Frameworks",
					"$(inherited)",
				);
				INFOPLIST_FILE = KarmakontotTests/Info.plist;
				LD_RUNPATH_SEARCH_PATHS = "$(inherited) @executable_path/Frameworks @loader_path/Frameworks";
				PRODUCT_NAME = "$(TARGET_NAME)";
				TEST_HOST = "$(BUILT_PRODUCTS_DIR)/Karmakontot.app/Karmakontot";
			};
			name = Release;
		};
		E8DBC2001A221A1E003D0E0E /* Debug */ = {
			isa = XCBuildConfiguration;
			buildSettings = {
				PRODUCT_NAME = "$(TARGET_NAME)";
			};
			name = Debug;
		};
		E8DBC2011A221A1E003D0E0E /* Release */ = {
			isa = XCBuildConfiguration;
			buildSettings = {
				PRODUCT_NAME = "$(TARGET_NAME)";
			};
			name = Release;
		};
/* End XCBuildConfiguration section */

/* Begin XCConfigurationList section */
		E8DBC1B31A21D0CC003D0E0E /* Build configuration list for PBXProject "Karmakontot" */ = {
			isa = XCConfigurationList;
			buildConfigurations = (
				E8DBC1DC1A21D0CD003D0E0E /* Debug */,
				E8DBC1DD1A21D0CD003D0E0E /* Release */,
			);
			defaultConfigurationIsVisible = 0;
			defaultConfigurationName = Release;
		};
		E8DBC1DE1A21D0CD003D0E0E /* Build configuration list for PBXNativeTarget "Karmakontot" */ = {
			isa = XCConfigurationList;
			buildConfigurations = (
				E8DBC1DF1A21D0CD003D0E0E /* Debug */,
				E8DBC1E01A21D0CD003D0E0E /* Release */,
			);
			defaultConfigurationIsVisible = 0;
			defaultConfigurationName = Release;
		};
		E8DBC1E11A21D0CD003D0E0E /* Build configuration list for PBXNativeTarget "KarmakontotTests" */ = {
			isa = XCConfigurationList;
			buildConfigurations = (
				E8DBC1E21A21D0CD003D0E0E /* Debug */,
				E8DBC1E31A21D0CD003D0E0E /* Release */,
			);
			defaultConfigurationIsVisible = 0;
			defaultConfigurationName = Release;
		};
		E8DBC1FF1A221A1E003D0E0E /* Build configuration list for PBXAggregateTarget "Mogenerator" */ = {
			isa = XCConfigurationList;
			buildConfigurations = (
				E8DBC2001A221A1E003D0E0E /* Debug */,
				E8DBC2011A221A1E003D0E0E /* Release */,
			);
			defaultConfigurationIsVisible = 0;
		};
/* End XCConfigurationList section */

/* Begin XCVersionGroup section */
		E8DBC1C21A21D0CD003D0E0E /* Karmakontot.xcdatamodeld */ = {
			isa = XCVersionGroup;
			children = (
				E8DBC1C31A21D0CD003D0E0E /* Karmakontot.xcdatamodel */,
			);
			currentVersion = E8DBC1C31A21D0CD003D0E0E /* Karmakontot.xcdatamodel */;
			path = Karmakontot.xcdatamodeld;
			sourceTree = "<group>";
			versionGroupType = wrapper.xcdatamodel;
		};
/* End XCVersionGroup section */
	};
	rootObject = E8DBC1B01A21D0CC003D0E0E /* Project object */;
}
